// !$*UTF8*$!
{
	archiveVersion = 1;
	classes = {
	};
	objectVersion = 46;
	objects = {

/* Begin PBXBuildFile section */
		221734AD1A5D75AA00531817 /* Foundation.framework in Frameworks */ = {isa = PBXBuildFile; fileRef = 221734AC1A5D75AA00531817 /* Foundation.framework */; };
		221734AF1A5D75AA00531817 /* CoreGraphics.framework in Frameworks */ = {isa = PBXBuildFile; fileRef = 221734AE1A5D75AA00531817 /* CoreGraphics.framework */; };
		221734B11A5D75AA00531817 /* UIKit.framework in Frameworks */ = {isa = PBXBuildFile; fileRef = 221734B01A5D75AA00531817 /* UIKit.framework */; };
		221734B71A5D75AB00531817 /* InfoPlist.strings in Resources */ = {isa = PBXBuildFile; fileRef = 221734B51A5D75AB00531817 /* InfoPlist.strings */; };
		221734B91A5D75AB00531817 /* main.m in Sources */ = {isa = PBXBuildFile; fileRef = 221734B81A5D75AB00531817 /* main.m */; };
		221734BD1A5D75AB00531817 /* AppDelegate.m in Sources */ = {isa = PBXBuildFile; fileRef = 221734BC1A5D75AB00531817 /* AppDelegate.m */; };
		221734C01A5D75AB00531817 /* Main_iPhone.storyboard in Resources */ = {isa = PBXBuildFile; fileRef = 221734BE1A5D75AB00531817 /* Main_iPhone.storyboard */; };
		221734C31A5D75AB00531817 /* Main_iPad.storyboard in Resources */ = {isa = PBXBuildFile; fileRef = 221734C11A5D75AB00531817 /* Main_iPad.storyboard */; };
		221734C81A5D75AB00531817 /* Images.xcassets in Resources */ = {isa = PBXBuildFile; fileRef = 221734C71A5D75AB00531817 /* Images.xcassets */; };
		221734CF1A5D75AB00531817 /* XCTest.framework in Frameworks */ = {isa = PBXBuildFile; fileRef = 221734CE1A5D75AB00531817 /* XCTest.framework */; };
		221734D01A5D75AB00531817 /* Foundation.framework in Frameworks */ = {isa = PBXBuildFile; fileRef = 221734AC1A5D75AA00531817 /* Foundation.framework */; };
		221734D11A5D75AB00531817 /* UIKit.framework in Frameworks */ = {isa = PBXBuildFile; fileRef = 221734B01A5D75AA00531817 /* UIKit.framework */; };
		221734D91A5D75AB00531817 /* InfoPlist.strings in Resources */ = {isa = PBXBuildFile; fileRef = 221734D71A5D75AB00531817 /* InfoPlist.strings */; };
		221734DB1A5D75AB00531817 /* ToDoListTests.m in Sources */ = {isa = PBXBuildFile; fileRef = 221734DA1A5D75AB00531817 /* ToDoListTests.m */; };
		84F23AC11A5E57A4009938D4 /* AddToDoItemViewController.m in Sources */ = {isa = PBXBuildFile; fileRef = 84F23AC01A5E57A4009938D4 /* AddToDoItemViewController.m */; };
		84F23AC41A5E58DA009938D4 /* ToDoListTableViewController.m in Sources */ = {isa = PBXBuildFile; fileRef = 84F23AC31A5E58DA009938D4 /* ToDoListTableViewController.m */; };
		84F23AC71A5E5F40009938D4 /* ToDoItem.m in Sources */ = {isa = PBXBuildFile; fileRef = 84F23AC61A5E5F40009938D4 /* ToDoItem.m */; };
/* End PBXBuildFile section */

/* Begin PBXContainerItemProxy section */
		221734D21A5D75AB00531817 /* PBXContainerItemProxy */ = {
			isa = PBXContainerItemProxy;
			containerPortal = 221734A11A5D75AA00531817 /* Project object */;
			proxyType = 1;
			remoteGlobalIDString = 221734A81A5D75AA00531817;
			remoteInfo = ToDoList;
		};
/* End PBXContainerItemProxy section */

/* Begin PBXFileReference section */
		221734A91A5D75AA00531817 /* ToDoList.app */ = {isa = PBXFileReference; explicitFileType = wrapper.application; includeInIndex = 0; path = ToDoList.app; sourceTree = BUILT_PRODUCTS_DIR; };
		221734AC1A5D75AA00531817 /* Foundation.framework */ = {isa = PBXFileReference; lastKnownFileType = wrapper.framework; name = Foundation.framework; path = System/Library/Frameworks/Foundation.framework; sourceTree = SDKROOT; };
		221734AE1A5D75AA00531817 /* CoreGraphics.framework */ = {isa = PBXFileReference; lastKnownFileType = wrapper.framework; name = CoreGraphics.framework; path = System/Library/Frameworks/CoreGraphics.framework; sourceTree = SDKROOT; };
		221734B01A5D75AA00531817 /* UIKit.framework */ = {isa = PBXFileReference; lastKnownFileType = wrapper.framework; name = UIKit.framework; path = System/Library/Frameworks/UIKit.framework; sourceTree = SDKROOT; };
		221734B41A5D75AB00531817 /* ToDoList-Info.plist */ = {isa = PBXFileReference; lastKnownFileType = text.plist.xml; path = "ToDoList-Info.plist"; sourceTree = "<group>"; };
		221734B61A5D75AB00531817 /* en */ = {isa = PBXFileReference; lastKnownFileType = text.plist.strings; name = en; path = en.lproj/InfoPlist.strings; sourceTree = "<group>"; };
		221734B81A5D75AB00531817 /* main.m */ = {isa = PBXFileReference; lastKnownFileType = sourcecode.c.objc; path = main.m; sourceTree = "<group>"; };
		221734BA1A5D75AB00531817 /* ToDoList-Prefix.pch */ = {isa = PBXFileReference; lastKnownFileType = sourcecode.c.h; path = "ToDoList-Prefix.pch"; sourceTree = "<group>"; };
		221734BB1A5D75AB00531817 /* AppDelegate.h */ = {isa = PBXFileReference; lastKnownFileType = sourcecode.c.h; path = AppDelegate.h; sourceTree = "<group>"; };
		221734BC1A5D75AB00531817 /* AppDelegate.m */ = {isa = PBXFileReference; lastKnownFileType = sourcecode.c.objc; path = AppDelegate.m; sourceTree = "<group>"; };
		221734BF1A5D75AB00531817 /* Base */ = {isa = PBXFileReference; lastKnownFileType = file.storyboard; name = Base; path = Base.lproj/Main_iPhone.storyboard; sourceTree = "<group>"; };
		221734C21A5D75AB00531817 /* Base */ = {isa = PBXFileReference; lastKnownFileType = file.storyboard; name = Base; path = Base.lproj/Main_iPad.storyboard; sourceTree = "<group>"; };
		221734C71A5D75AB00531817 /* Images.xcassets */ = {isa = PBXFileReference; lastKnownFileType = folder.assetcatalog; path = Images.xcassets; sourceTree = "<group>"; };
		221734CD1A5D75AB00531817 /* ToDoListTests.xctest */ = {isa = PBXFileReference; explicitFileType = wrapper.cfbundle; includeInIndex = 0; path = ToDoListTests.xctest; sourceTree = BUILT_PRODUCTS_DIR; };
		221734CE1A5D75AB00531817 /* XCTest.framework */ = {isa = PBXFileReference; lastKnownFileType = wrapper.framework; name = XCTest.framework; path = Library/Frameworks/XCTest.framework; sourceTree = DEVELOPER_DIR; };
		221734D61A5D75AB00531817 /* ToDoListTests-Info.plist */ = {isa = PBXFileReference; lastKnownFileType = text.plist.xml; path = "ToDoListTests-Info.plist"; sourceTree = "<group>"; };
		221734D81A5D75AB00531817 /* en */ = {isa = PBXFileReference; lastKnownFileType = text.plist.strings; name = en; path = en.lproj/InfoPlist.strings; sourceTree = "<group>"; };
		221734DA1A5D75AB00531817 /* ToDoListTests.m */ = {isa = PBXFileReference; lastKnownFileType = sourcecode.c.objc; path = ToDoListTests.m; sourceTree = "<group>"; };
		84F23ABF1A5E57A4009938D4 /* AddToDoItemViewController.h */ = {isa = PBXFileReference; fileEncoding = 4; lastKnownFileType = sourcecode.c.h; path = AddToDoItemViewController.h; sourceTree = "<group>"; };
		84F23AC01A5E57A4009938D4 /* AddToDoItemViewController.m */ = {isa = PBXFileReference; fileEncoding = 4; lastKnownFileType = sourcecode.c.objc; path = AddToDoItemViewController.m; sourceTree = "<group>"; };
		84F23AC21A5E58DA009938D4 /* ToDoListTableViewController.h */ = {isa = PBXFileReference; fileEncoding = 4; lastKnownFileType = sourcecode.c.h; path = ToDoListTableViewController.h; sourceTree = "<group>"; };
		84F23AC31A5E58DA009938D4 /* ToDoListTableViewController.m */ = {isa = PBXFileReference; fileEncoding = 4; lastKnownFileType = sourcecode.c.objc; path = ToDoListTableViewController.m; sourceTree = "<group>"; };
		84F23AC51A5E5F40009938D4 /* ToDoItem.h */ = {isa = PBXFileReference; fileEncoding = 4; lastKnownFileType = sourcecode.c.h; path = ToDoItem.h; sourceTree = "<group>"; };
		84F23AC61A5E5F40009938D4 /* ToDoItem.m */ = {isa = PBXFileReference; fileEncoding = 4; lastKnownFileType = sourcecode.c.objc; path = ToDoItem.m; sourceTree = "<group>"; };
/* End PBXFileReference section */

/* Begin PBXFrameworksBuildPhase section */
		221734A61A5D75AA00531817 /* Frameworks */ = {
			isa = PBXFrameworksBuildPhase;
			buildActionMask = 2147483647;
			files = (
				221734AF1A5D75AA00531817 /* CoreGraphics.framework in Frameworks */,
				221734B11A5D75AA00531817 /* UIKit.framework in Frameworks */,
				221734AD1A5D75AA00531817 /* Foundation.framework in Frameworks */,
			);
			runOnlyForDeploymentPostprocessing = 0;
		};
		221734CA1A5D75AB00531817 /* Frameworks */ = {
			isa = PBXFrameworksBuildPhase;
			buildActionMask = 2147483647;
			files = (
				221734CF1A5D75AB00531817 /* XCTest.framework in Frameworks */,
				221734D11A5D75AB00531817 /* UIKit.framework in Frameworks */,
				221734D01A5D75AB00531817 /* Foundation.framework in Frameworks */,
			);
			runOnlyForDeploymentPostprocessing = 0;
		};
/* End PBXFrameworksBuildPhase section */

/* Begin PBXGroup section */
		221734A01A5D75AA00531817 = {
			isa = PBXGroup;
			children = (
				221734B21A5D75AA00531817 /* ToDoList */,
				221734D41A5D75AB00531817 /* ToDoListTests */,
				221734AB1A5D75AA00531817 /* Frameworks */,
				221734AA1A5D75AA00531817 /* Products */,
			);
			sourceTree = "<group>";
		};
		221734AA1A5D75AA00531817 /* Products */ = {
			isa = PBXGroup;
			children = (
				221734A91A5D75AA00531817 /* ToDoList.app */,
				221734CD1A5D75AB00531817 /* ToDoListTests.xctest */,
			);
			name = Products;
			sourceTree = "<group>";
		};
		221734AB1A5D75AA00531817 /* Frameworks */ = {
			isa = PBXGroup;
			children = (
				221734AC1A5D75AA00531817 /* Foundation.framework */,
				221734AE1A5D75AA00531817 /* CoreGraphics.framework */,
				221734B01A5D75AA00531817 /* UIKit.framework */,
				221734CE1A5D75AB00531817 /* XCTest.framework */,
			);
			name = Frameworks;
			sourceTree = "<group>";
		};
		221734B21A5D75AA00531817 /* ToDoList */ = {
			isa = PBXGroup;
			children = (
				221734BB1A5D75AB00531817 /* AppDelegate.h */,
				221734BC1A5D75AB00531817 /* AppDelegate.m */,
				221734BE1A5D75AB00531817 /* Main_iPhone.storyboard */,
				221734C11A5D75AB00531817 /* Main_iPad.storyboard */,
				84F23AC21A5E58DA009938D4 /* ToDoListTableViewController.h */,
				84F23AC31A5E58DA009938D4 /* ToDoListTableViewController.m */,
				84F23AC51A5E5F40009938D4 /* ToDoItem.h */,
				84F23AC61A5E5F40009938D4 /* ToDoItem.m */,
				84F23ABF1A5E57A4009938D4 /* AddToDoItemViewController.h */,
				84F23AC01A5E57A4009938D4 /* AddToDoItemViewController.m */,
				221734C71A5D75AB00531817 /* Images.xcassets */,
				221734B31A5D75AA00531817 /* Supporting Files */,
			);
			path = ToDoList;
			sourceTree = "<group>";
		};
		221734B31A5D75AA00531817 /* Supporting Files */ = {
			isa = PBXGroup;
			children = (
				221734B41A5D75AB00531817 /* ToDoList-Info.plist */,
				221734B51A5D75AB00531817 /* InfoPlist.strings */,
				221734B81A5D75AB00531817 /* main.m */,
				221734BA1A5D75AB00531817 /* ToDoList-Prefix.pch */,
			);
			name = "Supporting Files";
			sourceTree = "<group>";
		};
		221734D41A5D75AB00531817 /* ToDoListTests */ = {
			isa = PBXGroup;
			children = (
				221734DA1A5D75AB00531817 /* ToDoListTests.m */,
				221734D51A5D75AB00531817 /* Supporting Files */,
			);
			path = ToDoListTests;
			sourceTree = "<group>";
		};
		221734D51A5D75AB00531817 /* Supporting Files */ = {
			isa = PBXGroup;
			children = (
				221734D61A5D75AB00531817 /* ToDoListTests-Info.plist */,
				221734D71A5D75AB00531817 /* InfoPlist.strings */,
			);
			name = "Supporting Files";
			sourceTree = "<group>";
		};
/* End PBXGroup section */

/* Begin PBXNativeTarget section */
		221734A81A5D75AA00531817 /* ToDoList */ = {
			isa = PBXNativeTarget;
			buildConfigurationList = 221734DE1A5D75AB00531817 /* Build configuration list for PBXNativeTarget "ToDoList" */;
			buildPhases = (
				221734A51A5D75AA00531817 /* Sources */,
				221734A61A5D75AA00531817 /* Frameworks */,
				221734A71A5D75AA00531817 /* Resources */,
			);
			buildRules = (
			);
			dependencies = (
			);
			name = ToDoList;
			productName = ToDoList;
			productReference = 221734A91A5D75AA00531817 /* ToDoList.app */;
			productType = "com.apple.product-type.application";
		};
		221734CC1A5D75AB00531817 /* ToDoListTests */ = {
			isa = PBXNativeTarget;
			buildConfigurationList = 221734E11A5D75AB00531817 /* Build configuration list for PBXNativeTarget "ToDoListTests" */;
			buildPhases = (
				221734C91A5D75AB00531817 /* Sources */,
				221734CA1A5D75AB00531817 /* Frameworks */,
				221734CB1A5D75AB00531817 /* Resources */,
			);
			buildRules = (
			);
			dependencies = (
				221734D31A5D75AB00531817 /* PBXTargetDependency */,
			);
			name = ToDoListTests;
			productName = ToDoListTests;
			productReference = 221734CD1A5D75AB00531817 /* ToDoListTests.xctest */;
			productType = "com.apple.product-type.bundle.unit-test";
		};
/* End PBXNativeTarget section */

/* Begin PBXProject section */
		221734A11A5D75AA00531817 /* Project object */ = {
			isa = PBXProject;
			attributes = {
				LastUpgradeCheck = 0510;
				ORGANIZATIONNAME = tak;
				TargetAttributes = {
					221734CC1A5D75AB00531817 = {
						TestTargetID = 221734A81A5D75AA00531817;
					};
				};
			};
			buildConfigurationList = 221734A41A5D75AA00531817 /* Build configuration list for PBXProject "ToDoList" */;
			compatibilityVersion = "Xcode 3.2";
			developmentRegion = English;
			hasScannedForEncodings = 0;
			knownRegions = (
				en,
				Base,
			);
			mainGroup = 221734A01A5D75AA00531817;
			productRefGroup = 221734AA1A5D75AA00531817 /* Products */;
			projectDirPath = "";
			projectRoot = "";
			targets = (
				221734A81A5D75AA00531817 /* ToDoList */,
				221734CC1A5D75AB00531817 /* ToDoListTests */,
			);
		};
/* End PBXProject section */

/* Begin PBXResourcesBuildPhase section */
		221734A71A5D75AA00531817 /* Resources */ = {
			isa = PBXResourcesBuildPhase;
			buildActionMask = 2147483647;
			files = (
				221734C31A5D75AB00531817 /* Main_iPad.storyboard in Resources */,
				221734C81A5D75AB00531817 /* Images.xcassets in Resources */,
				221734C01A5D75AB00531817 /* Main_iPhone.storyboard in Resources */,
				221734B71A5D75AB00531817 /* InfoPlist.strings in Resources */,
			);
			runOnlyForDeploymentPostprocessing = 0;
		};
		221734CB1A5D75AB00531817 /* Resources */ = {
			isa = PBXResourcesBuildPhase;
			buildActionMask = 2147483647;
			files = (
				221734D91A5D75AB00531817 /* InfoPlist.strings in Resources */,
			);
			runOnlyForDeploymentPostprocessing = 0;
		};
/* End PBXResourcesBuildPhase section */

/* Begin PBXSourcesBuildPhase section */
		221734A51A5D75AA00531817 /* Sources */ = {
			isa = PBXSourcesBuildPhase;
			buildActionMask = 2147483647;
			files = (
				221734BD1A5D75AB00531817 /* AppDelegate.m in Sources */,
				84F23AC71A5E5F40009938D4 /* ToDoItem.m in Sources */,
				221734B91A5D75AB00531817 /* main.m in Sources */,
				84F23AC41A5E58DA009938D4 /* ToDoListTableViewController.m in Sources */,
				84F23AC11A5E57A4009938D4 /* AddToDoItemViewController.m in Sources */,
			);
			runOnlyForDeploymentPostprocessing = 0;
		};
		221734C91A5D75AB00531817 /* Sources */ = {
			isa = PBXSourcesBuildPhase;
			buildActionMask = 2147483647;
			files = (
				221734DB1A5D75AB00531817 /* ToDoListTests.m in Sources */,
			);
			runOnlyForDeploymentPostprocessing = 0;
		};
/* End PBXSourcesBuildPhase section */

/* Begin PBXTargetDependency section */
		221734D31A5D75AB00531817 /* PBXTargetDependency */ = {
			isa = PBXTargetDependency;
			target = 221734A81A5D75AA00531817 /* ToDoList */;
			targetProxy = 221734D21A5D75AB00531817 /* PBXContainerItemProxy */;
		};
/* End PBXTargetDependency section */

/* Begin PBXVariantGroup section */
		221734B51A5D75AB00531817 /* InfoPlist.strings */ = {
			isa = PBXVariantGroup;
			children = (
				221734B61A5D75AB00531817 /* en */,
			);
			name = InfoPlist.strings;
			sourceTree = "<group>";
		};
		221734BE1A5D75AB00531817 /* Main_iPhone.storyboard */ = {
			isa = PBXVariantGroup;
			children = (
				221734BF1A5D75AB00531817 /* Base */,
			);
			name = Main_iPhone.storyboard;
			sourceTree = "<group>";
		};
		221734C11A5D75AB00531817 /* Main_iPad.storyboard */ = {
			isa = PBXVariantGroup;
			children = (
				221734C21A5D75AB00531817 /* Base */,
			);
			name = Main_iPad.storyboard;
			sourceTree = "<group>";
		};
		221734D71A5D75AB00531817 /* InfoPlist.strings */ = {
			isa = PBXVariantGroup;
			children = (
				221734D81A5D75AB00531817 /* en */,
			);
			name = InfoPlist.strings;
			sourceTree = "<group>";
		};
/* End PBXVariantGroup section */

/* Begin XCBuildConfiguration section */
		221734DC1A5D75AB00531817 /* Debug */ = {
			isa = XCBuildConfiguration;
			buildSettings = {
				ALWAYS_SEARCH_USER_PATHS = NO;
				CLANG_CXX_LANGUAGE_STANDARD = "gnu++0x";
				CLANG_CXX_LIBRARY = "libc++";
				CLANG_ENABLE_MODULES = YES;
				CLANG_ENABLE_OBJC_ARC = YES;
				CLANG_WARN_BOOL_CONVERSION = YES;
				CLANG_WARN_CONSTANT_CONVERSION = YES;
				CLANG_WARN_DIRECT_OBJC_ISA_USAGE = YES_ERROR;
				CLANG_WARN_EMPTY_BODY = YES;
				CLANG_WARN_ENUM_CONVERSION = YES;
				CLANG_WARN_INT_CONVERSION = YES;
				CLANG_WARN_OBJC_ROOT_CLASS = YES_ERROR;
				CLANG_WARN__DUPLICATE_METHOD_MATCH = YES;
				"CODE_SIGN_IDENTITY[sdk=iphoneos*]" = "iPhone Developer";
				COPY_PHASE_STRIP = NO;
				GCC_C_LANGUAGE_STANDARD = gnu99;
				GCC_DYNAMIC_NO_PIC = NO;
				GCC_OPTIMIZATION_LEVEL = 0;
				GCC_PREPROCESSOR_DEFINITIONS = (
					"DEBUG=1",
					"$(inherited)",
				);
				GCC_SYMBOLS_PRIVATE_EXTERN = NO;
				GCC_WARN_64_TO_32_BIT_CONVERSION = YES;
				GCC_WARN_ABOUT_RETURN_TYPE = YES_ERROR;
				GCC_WARN_UNDECLARED_SELECTOR = YES;
				GCC_WARN_UNINITIALIZED_AUTOS = YES_AGGRESSIVE;
				GCC_WARN_UNUSED_FUNCTION = YES;
				GCC_WARN_UNUSED_VARIABLE = YES;
				IPHONEOS_DEPLOYMENT_TARGET = 7.1;
				ONLY_ACTIVE_ARCH = YES;
				SDKROOT = iphoneos;
				TARGETED_DEVICE_FAMILY = "1,2";
			};
			name = Debug;
		};
		221734DD1A5D75AB00531817 /* Release */ = {
			isa = XCBuildConfiguration;
			buildSettings = {
				ALWAYS_SEARCH_USER_PATHS = NO;
				CLANG_CXX_LANGUAGE_STANDARD = "gnu++0x";
				CLANG_CXX_LIBRARY = "libc++";
				CLANG_ENABLE_MODULES = YES;
				CLANG_ENABLE_OBJC_ARC = YES;
				CLANG_WARN_BOOL_CONVERSION = YES;
				CLANG_WARN_CONSTANT_CONVERSION = YES;
				CLANG_WARN_DIRECT_OBJC_ISA_USAGE = YES_ERROR;
				CLANG_WARN_EMPTY_BODY = YES;
				CLANG_WARN_ENUM_CONVERSION = YES;
				CLANG_WARN_INT_CONVERSION = YES;
				CLANG_WARN_OBJC_ROOT_CLASS = YES_ERROR;
				CLANG_WARN__DUPLICATE_METHOD_MATCH = YES;
				"CODE_SIGN_IDENTITY[sdk=iphoneos*]" = "iPhone Developer";
				COPY_PHASE_STRIP = YES;
				ENABLE_NS_ASSERTIONS = NO;
				GCC_C_LANGUAGE_STANDARD = gnu99;
				GCC_WARN_64_TO_32_BIT_CONVERSION = YES;
				GCC_WARN_ABOUT_RETURN_TYPE = YES_ERROR;
				GCC_WARN_UNDECLARED_SELECTOR = YES;
				GCC_WARN_UNINITIALIZED_AUTOS = YES_AGGRESSIVE;
				GCC_WARN_UNUSED_FUNCTION = YES;
				GCC_WARN_UNUSED_VARIABLE = YES;
				IPHONEOS_DEPLOYMENT_TARGET = 7.1;
				SDKROOT = iphoneos;
				TARGETED_DEVICE_FAMILY = "1,2";
				VALIDATE_PRODUCT = YES;
			};
			name = Release;
		};
		221734DF1A5D75AB00531817 /* Debug */ = {
			isa = XCBuildConfiguration;
			buildSettings = {
				ASSETCATALOG_COMPILER_APPICON_NAME = AppIcon;
				ASSETCATALOG_COMPILER_LAUNCHIMAGE_NAME = LaunchImage;
				CODE_SIGN_IDENTITY = "iPhone Developer";
				GCC_PRECOMPILE_PREFIX_HEADER = YES;
				GCC_PREFIX_HEADER = "ToDoList/ToDoList-Prefix.pch";
				INFOPLIST_FILE = "ToDoList/ToDoList-Info.plist";
				IPHONEOS_DEPLOYMENT_TARGET = 7.1;
				PRODUCT_NAME = "$(TARGET_NAME)";
				WRAPPER_EXTENSION = app;
			};
			name = Debug;
		};
		221734E01A5D75AB00531817 /* Release */ = {
			isa = XCBuildConfiguration;
			buildSettings = {
				ASSETCATALOG_COMPILER_APPICON_NAME = AppIcon;
				ASSETCATALOG_COMPILER_LAUNCHIMAGE_NAME = LaunchImage;
				CODE_SIGN_IDENTITY = "iPhone Developer";
				GCC_PRECOMPILE_PREFIX_HEADER = YES;
				GCC_PREFIX_HEADER = "ToDoList/ToDoList-Prefix.pch";
				INFOPLIST_FILE = "ToDoList/ToDoList-Info.plist";
				IPHONEOS_DEPLOYMENT_TARGET = 7.1;
				PRODUCT_NAME = "$(TARGET_NAME)";
				WRAPPER_EXTENSION = app;
			};
			name = Release;
		};
		221734E21A5D75AB00531817 /* Debug */ = {
			isa = XCBuildConfiguration;
			buildSettings = {
				BUNDLE_LOADER = "$(BUILT_PRODUCTS_DIR)/ToDoList.app/ToDoList";
				FRAMEWORK_SEARCH_PATHS = (
					"$(SDKROOT)/Developer/Library/Frameworks",
					"$(inherited)",
					"$(DEVELOPER_FRAMEWORKS_DIR)",
				);
				GCC_PRECOMPILE_PREFIX_HEADER = YES;
				GCC_PREFIX_HEADER = "ToDoList/ToDoList-Prefix.pch";
				GCC_PREPROCESSOR_DEFINITIONS = (
					"DEBUG=1",
					"$(inherited)",
				);
				INFOPLIST_FILE = "ToDoListTests/ToDoListTests-Info.plist";
				PRODUCT_NAME = "$(TARGET_NAME)";
				TEST_HOST = "$(BUNDLE_LOADER)";
				WRAPPER_EXTENSION = xctest;
			};
			name = Debug;
		};
		221734E31A5D75AB00531817 /* Release */ = {
			isa = XCBuildConfiguration;
			buildSettings = {
				BUNDLE_LOADER = "$(BUILT_PRODUCTS_DIR)/ToDoList.app/ToDoList";
				FRAMEWORK_SEARCH_PATHS = (
					"$(SDKROOT)/Developer/Library/Frameworks",
					"$(inherited)",
					"$(DEVELOPER_FRAMEWORKS_DIR)",
				);
				GCC_PRECOMPILE_PREFIX_HEADER = YES;
				GCC_PREFIX_HEADER = "ToDoList/ToDoList-Prefix.pch";
				INFOPLIST_FILE = "ToDoListTests/ToDoListTests-Info.plist";
				PRODUCT_NAME = "$(TARGET_NAME)";
				TEST_HOST = "$(BUNDLE_LOADER)";
				WRAPPER_EXTENSION = xctest;
			};
			name = Release;
		};
/* End XCBuildConfiguration section */

/* Begin XCConfigurationList section */
		221734A41A5D75AA00531817 /* Build configuration list for PBXProject "ToDoList" */ = {
			isa = XCConfigurationList;
			buildConfigurations = (
				221734DC1A5D75AB00531817 /* Debug */,
				221734DD1A5D75AB00531817 /* Release */,
			);
			defaultConfigurationIsVisible = 0;
			defaultConfigurationName = Release;
		};
		221734DE1A5D75AB00531817 /* Build configuration list for PBXNativeTarget "ToDoList" */ = {
			isa = XCConfigurationList;
			buildConfigurations = (
				221734DF1A5D75AB00531817 /* Debug */,
				221734E01A5D75AB00531817 /* Release */,
			);
			defaultConfigurationIsVisible = 0;
			defaultConfigurationName = Release;
		};
		221734E11A5D75AB00531817 /* Build configuration list for PBXNativeTarget "ToDoListTests" */ = {
			isa = XCConfigurationList;
			buildConfigurations = (
				221734E21A5D75AB00531817 /* Debug */,
				221734E31A5D75AB00531817 /* Release */,
			);
			defaultConfigurationIsVisible = 0;
			defaultConfigurationName = Release;
		};
/* End XCConfigurationList section */
	};
	rootObject = 221734A11A5D75AA00531817 /* Project object */;
}
